{
  "name": "newproject",
  "version": "1.0.0",
  "lockfileVersion": 3,
  "requires": true,
  "packages": {
    "": {
      "name": "newproject",
      "version": "1.0.0",
      "license": "ISC",
      "dependencies": {
        "bootstrap-reboot": "^4.5.6"
      }
    },
    "node_modules/bootstrap-reboot": {
      "version": "4.5.6",
      "resolved": "https://registry.npmjs.org/bootstrap-reboot/-/bootstrap-reboot-4.5.6.tgz",
      "integrity": "sha512-V3czvZrmSQP6lmaaJE5spc4sFbqeNDHyjhVTj4EaeVgh5p2maQpDxr+fJP8GfasvP8RG2hWbka15r3Z+OXLwRw==",
      "license": "ISC"
    }
  }
}
